
Microsoft Visual Studio Solution File, Format Version 12.00
# Visual Studio 15
VisualStudioVersion = 15.0.28010.2003
MinimumVisualStudioVersion = 10.0.40219.1
Project("{8BC9CEB8-8B4A-11D0-8D11-00A0C91BC942}") = "ezio", "ezio.vcxproj", "{2D6D4FB2-9225-46CE-BBF6-40EEC04B7CEF}"
	ProjectSection(ProjectDependencies) = postProject
		{09A7A9C8-4AE9-4606-8104-9100C4C910DF} = {09A7A9C8-4AE9-4606-8104-9100C4C910DF}
	EndProjectSection
EndProject
Project("{8BC9CEB8-8B4A-11D0-8D11-00A0C91BC942}") = "test", "tests\test.vcxproj", "{E8ABF6CA-4BD9-4D28-8185-BBF35D9E5B7E}"
	ProjectSection(ProjectDependencies) = postProject
		{2D6D4FB2-9225-46CE-BBF6-40EEC04B7CEF} = {2D6D4FB2-9225-46CE-BBF6-40EEC04B7CEF}
	EndProjectSection
EndProject
Project("{8BC9CEB8-8B4A-11D0-8D11-00A0C91BC942}") = "KBase", "KBase\src\KBase.vcxproj", "{09A7A9C8-4AE9-4606-8104-9100C4C910DF}"
EndProject
Project("{2150E333-8FDC-42A3-9474-1A3956D46DE8}") = "third_party", "third_party", "{F79B7FAE-1DED-428C-9C3D-8908FF7F4C4A}"
EndProject
Project("{2150E333-8FDC-42A3-9474-1A3956D46DE8}") = "examples", "examples", "{A6AAF1D6-6A56-446A-BEA9-6CCDC125AE81}"
EndProject
Project("{2150E333-8FDC-42A3-9474-1A3956D46DE8}") = "echo", "echo", "{B50724E6-C1D7-46DA-8C27-B19B585D164E}"
EndProject
Project("{8BC9CEB8-8B4A-11D0-8D11-00A0C91BC942}") = "echo-server", "examples\echo\echo-server.vcxproj", "{838C6716-4747-4329-89CA-01A8F7B9C1EB}"
	ProjectSection(ProjectDependencies) = postProject
		{2D6D4FB2-9225-46CE-BBF6-40EEC04B7CEF} = {2D6D4FB2-9225-46CE-BBF6-40EEC04B7CEF}
		{09A7A9C8-4AE9-4606-8104-9100C4C910DF} = {09A7A9C8-4AE9-4606-8104-9100C4C910DF}
	EndProjectSection
EndProject
Project("{8BC9CEB8-8B4A-11D0-8D11-00A0C91BC942}") = "echo-client", "examples\echo\echo-client.vcxproj", "{EA1A7DD5-60BE-40BF-BCC9-147137BE6B7F}"
	ProjectSection(ProjectDependencies) = postProject
		{2D6D4FB2-9225-46CE-BBF6-40EEC04B7CEF} = {2D6D4FB2-9225-46CE-BBF6-40EEC04B7CEF}
		{09A7A9C8-4AE9-4606-8104-9100C4C910DF} = {09A7A9C8-4AE9-4606-8104-9100C4C910DF}
	EndProjectSection
EndProject
Project("{2150E333-8FDC-42A3-9474-1A3956D46DE8}") = "chat", "chat", "{4F352906-5859-49B9-92B2-3F2F27816300}"
EndProject
Project("{8BC9CEB8-8B4A-11D0-8D11-00A0C91BC942}") = "chat-server", "examples\chat\chat-server.vcxproj", "{B0C8C1E4-34F4-4A29-A16C-1A3EE79E227D}"
	ProjectSection(ProjectDependencies) = postProject
		{2D6D4FB2-9225-46CE-BBF6-40EEC04B7CEF} = {2D6D4FB2-9225-46CE-BBF6-40EEC04B7CEF}
		{09A7A9C8-4AE9-4606-8104-9100C4C910DF} = {09A7A9C8-4AE9-4606-8104-9100C4C910DF}
	EndProjectSection
EndProject
Project("{8BC9CEB8-8B4A-11D0-8D11-00A0C91BC942}") = "chat-client", "examples\chat\chat-client.vcxproj", "{4F88C392-6CF4-412D-8E27-FBDAC5203DB3}"
	ProjectSection(ProjectDependencies) = postProject
		{2D6D4FB2-9225-46CE-BBF6-40EEC04B7CEF} = {2D6D4FB2-9225-46CE-BBF6-40EEC04B7CEF}
		{09A7A9C8-4AE9-4606-8104-9100C4C910DF} = {09A7A9C8-4AE9-4606-8104-9100C4C910DF}
	EndProjectSection
EndProject
Global
	GlobalSection(SolutionConfigurationPlatforms) = preSolution
		Debug|x64 = Debug|x64
		Debug|x86 = Debug|x86
		Release|x64 = Release|x64
		Release|x86 = Release|x86
	EndGlobalSection
	GlobalSection(ProjectConfigurationPlatforms) = postSolution
		{2D6D4FB2-9225-46CE-BBF6-40EEC04B7CEF}.Debug|x64.ActiveCfg = Debug|x64
		{2D6D4FB2-9225-46CE-BBF6-40EEC04B7CEF}.Debug|x64.Build.0 = Debug|x64
		{2D6D4FB2-9225-46CE-BBF6-40EEC04B7CEF}.Debug|x86.ActiveCfg = Debug|Win32
		{2D6D4FB2-9225-46CE-BBF6-40EEC04B7CEF}.Debug|x86.Build.0 = Debug|Win32
		{2D6D4FB2-9225-46CE-BBF6-40EEC04B7CEF}.Release|x64.ActiveCfg = Release|x64
		{2D6D4FB2-9225-46CE-BBF6-40EEC04B7CEF}.Release|x64.Build.0 = Release|x64
		{2D6D4FB2-9225-46CE-BBF6-40EEC04B7CEF}.Release|x86.ActiveCfg = Release|Win32
		{2D6D4FB2-9225-46CE-BBF6-40EEC04B7CEF}.Release|x86.Build.0 = Release|Win32
		{E8ABF6CA-4BD9-4D28-8185-BBF35D9E5B7E}.Debug|x64.ActiveCfg = Debug|x64
		{E8ABF6CA-4BD9-4D28-8185-BBF35D9E5B7E}.Debug|x64.Build.0 = Debug|x64
		{E8ABF6CA-4BD9-4D28-8185-BBF35D9E5B7E}.Debug|x86.ActiveCfg = Debug|Win32
		{E8ABF6CA-4BD9-4D28-8185-BBF35D9E5B7E}.Debug|x86.Build.0 = Debug|Win32
		{E8ABF6CA-4BD9-4D28-8185-BBF35D9E5B7E}.Release|x64.ActiveCfg = Release|x64
		{E8ABF6CA-4BD9-4D28-8185-BBF35D9E5B7E}.Release|x64.Build.0 = Release|x64
		{E8ABF6CA-4BD9-4D28-8185-BBF35D9E5B7E}.Release|x86.ActiveCfg = Release|Win32
		{E8ABF6CA-4BD9-4D28-8185-BBF35D9E5B7E}.Release|x86.Build.0 = Release|Win32
		{09A7A9C8-4AE9-4606-8104-9100C4C910DF}.Debug|x64.ActiveCfg = Debug|x64
		{09A7A9C8-4AE9-4606-8104-9100C4C910DF}.Debug|x64.Build.0 = Debug|x64
		{09A7A9C8-4AE9-4606-8104-9100C4C910DF}.Debug|x86.ActiveCfg = Debug|x64
		{09A7A9C8-4AE9-4606-8104-9100C4C910DF}.Release|x64.ActiveCfg = Release|x64
		{09A7A9C8-4AE9-4606-8104-9100C4C910DF}.Release|x64.Build.0 = Release|x64
		{09A7A9C8-4AE9-4606-8104-9100C4C910DF}.Release|x86.ActiveCfg = Release|x64
		{838C6716-4747-4329-89CA-01A8F7B9C1EB}.Debug|x64.ActiveCfg = Debug|x64
		{838C6716-4747-4329-89CA-01A8F7B9C1EB}.Debug|x64.Build.0 = Debug|x64
		{838C6716-4747-4329-89CA-01A8F7B9C1EB}.Debug|x86.ActiveCfg = Debug|Win32
		{838C6716-4747-4329-89CA-01A8F7B9C1EB}.Debug|x86.Build.0 = Debug|Win32
		{838C6716-4747-4329-89CA-01A8F7B9C1EB}.Release|x64.ActiveCfg = Release|x64
		{838C6716-4747-4329-89CA-01A8F7B9C1EB}.Release|x64.Build.0 = Release|x64
		{838C6716-4747-4329-89CA-01A8F7B9C1EB}.Release|x86.ActiveCfg = Release|Win32
		{838C6716-4747-4329-89CA-01A8F7B9C1EB}.Release|x86.Build.0 = Release|Win32
		{EA1A7DD5-60BE-40BF-BCC9-147137BE6B7F}.Debug|x64.ActiveCfg = Debug|x64
		{EA1A7DD5-60BE-40BF-BCC9-147137BE6B7F}.Debug|x64.Build.0 = Debug|x64
		{EA1A7DD5-60BE-40BF-BCC9-147137BE6B7F}.Debug|x86.ActiveCfg = Debug|Win32
		{EA1A7DD5-60BE-40BF-BCC9-147137BE6B7F}.Debug|x86.Build.0 = Debug|Win32
		{EA1A7DD5-60BE-40BF-BCC9-147137BE6B7F}.Release|x64.ActiveCfg = Release|x64
		{EA1A7DD5-60BE-40BF-BCC9-147137BE6B7F}.Release|x64.Build.0 = Release|x64
		{EA1A7DD5-60BE-40BF-BCC9-147137BE6B7F}.Release|x86.ActiveCfg = Release|Win32
		{EA1A7DD5-60BE-40BF-BCC9-147137BE6B7F}.Release|x86.Build.0 = Release|Win32
		{B0C8C1E4-34F4-4A29-A16C-1A3EE79E227D}.Debug|x64.ActiveCfg = Debug|x64
		{B0C8C1E4-34F4-4A29-A16C-1A3EE79E227D}.Debug|x64.Build.0 = Debug|x64
		{B0C8C1E4-34F4-4A29-A16C-1A3EE79E227D}.Debug|x86.ActiveCfg = Debug|Win32
		{B0C8C1E4-34F4-4A29-A16C-1A3EE79E227D}.Debug|x86.Build.0 = Debug|Win32
		{B0C8C1E4-34F4-4A29-A16C-1A3EE79E227D}.Release|x64.ActiveCfg = Release|x64
		{B0C8C1E4-34F4-4A29-A16C-1A3EE79E227D}.Release|x64.Build.0 = Release|x64
		{B0C8C1E4-34F4-4A29-A16C-1A3EE79E227D}.Release|x86.ActiveCfg = Release|Win32
		{B0C8C1E4-34F4-4A29-A16C-1A3EE79E227D}.Release|x86.Build.0 = Release|Win32
		{4F88C392-6CF4-412D-8E27-FBDAC5203DB3}.Debug|x64.ActiveCfg = Debug|x64
		{4F88C392-6CF4-412D-8E27-FBDAC5203DB3}.Debug|x64.Build.0 = Debug|x64
		{4F88C392-6CF4-412D-8E27-FBDAC5203DB3}.Debug|x86.ActiveCfg = Debug|Win32
		{4F88C392-6CF4-412D-8E27-FBDAC5203DB3}.Debug|x86.Build.0 = Debug|Win32
		{4F88C392-6CF4-412D-8E27-FBDAC5203DB3}.Release|x64.ActiveCfg = Release|x64
		{4F88C392-6CF4-412D-8E27-FBDAC5203DB3}.Release|x64.Build.0 = Release|x64
		{4F88C392-6CF4-412D-8E27-FBDAC5203DB3}.Release|x86.ActiveCfg = Release|Win32
		{4F88C392-6CF4-412D-8E27-FBDAC5203DB3}.Release|x86.Build.0 = Release|Win32
	EndGlobalSection
	GlobalSection(SolutionProperties) = preSolution
		HideSolutionNode = FALSE
	EndGlobalSection
	GlobalSection(NestedProjects) = preSolution
		{09A7A9C8-4AE9-4606-8104-9100C4C910DF} = {F79B7FAE-1DED-428C-9C3D-8908FF7F4C4A}
		{B50724E6-C1D7-46DA-8C27-B19B585D164E} = {A6AAF1D6-6A56-446A-BEA9-6CCDC125AE81}
		{838C6716-4747-4329-89CA-01A8F7B9C1EB} = {B50724E6-C1D7-46DA-8C27-B19B585D164E}
		{EA1A7DD5-60BE-40BF-BCC9-147137BE6B7F} = {B50724E6-C1D7-46DA-8C27-B19B585D164E}
		{4F352906-5859-49B9-92B2-3F2F27816300} = {A6AAF1D6-6A56-446A-BEA9-6CCDC125AE81}
		{B0C8C1E4-34F4-4A29-A16C-1A3EE79E227D} = {4F352906-5859-49B9-92B2-3F2F27816300}
		{4F88C392-6CF4-412D-8E27-FBDAC5203DB3} = {4F352906-5859-49B9-92B2-3F2F27816300}
	EndGlobalSection
	GlobalSection(ExtensibilityGlobals) = postSolution
		SolutionGuid = {BD27DC5F-552D-4209-855A-7EC5A7952AA1}
	EndGlobalSection
EndGlobal
