<?xml version="1.0" encoding="utf-8"?>
<Project ToolsVersion="4.0" xmlns="http://schemas.microsoft.com/developer/msbuild/2003">
  <ItemGroup>
    <Filter Include="ezio">
      <UniqueIdentifier>{1f226477-5119-4ca0-aba3-6c58ef161e9c}</UniqueIdentifier>
    </Filter>
  </ItemGroup>
  <ItemGroup>
    <ClInclude Include="ezio\winsock_context.h">
      <Filter>ezio</Filter>
    </ClInclude>
    <ClInclude Include="ezio\io_service_context.h">
      <Filter>ezio</Filter>
    </ClInclude>
    <ClInclude Include="ezio\scoped_socket.h">
      <Filter>ezio</Filter>
    </ClInclude>
    <ClInclude Include="ezio\endian_utils.h">
      <Filter>ezio</Filter>
    </ClInclude>
    <ClInclude Include="ezio\event_pump.h">
      <Filter>ezio</Filter>
    </ClInclude>
    <ClInclude Include="ezio\event_pump_impl_win.h">
      <Filter>ezio</Filter>
    </ClInclude>
    <ClInclude Include="ezio\event_loop.h">
      <Filter>ezio</Filter>
    </ClInclude>
    <ClInclude Include="ezio\io_context.h">
      <Filter>ezio</Filter>
    </ClInclude>
    <ClInclude Include="ezio\notifier.h">
      <Filter>ezio</Filter>
    </ClInclude>
    <ClInclude Include="ezio\this_thread.h">
      <Filter>ezio</Filter>
    </ClInclude>
    <ClInclude Include="ezio\timer.h">
      <Filter>ezio</Filter>
    </ClInclude>
    <ClInclude Include="ezio\timer_queue.h">
      <Filter>ezio</Filter>
    </ClInclude>
    <ClInclude Include="ezio\chrono_utils.h">
      <Filter>ezio</Filter>
    </ClInclude>
    <ClInclude Include="ezio\timer_id.h">
      <Filter>ezio</Filter>
    </ClInclude>
  </ItemGroup>
  <ItemGroup>
    <ClCompile Include="ezio\winsock_context.cpp">
      <Filter>ezio</Filter>
    </ClCompile>
    <ClCompile Include="ezio\io_service_context.cpp">
      <Filter>ezio</Filter>
    </ClCompile>
    <ClCompile Include="ezio\event_pump.cpp">
      <Filter>ezio</Filter>
    </ClCompile>
    <ClCompile Include="ezio\event_pump_impl_win.cpp">
      <Filter>ezio</Filter>
    </ClCompile>
    <ClCompile Include="ezio\event_loop.cpp">
      <Filter>ezio</Filter>
    </ClCompile>
    <ClCompile Include="ezio\notifier.cpp">
      <Filter>ezio</Filter>
    </ClCompile>
    <ClCompile Include="ezio\notifier_win.cpp">
      <Filter>ezio</Filter>
    </ClCompile>
    <ClCompile Include="ezio\timer.cpp">
      <Filter>ezio</Filter>
    </ClCompile>
    <ClCompile Include="ezio\timer_queue.cpp">
      <Filter>ezio</Filter>
    </ClCompile>
  </ItemGroup>
</Project>